{
  "name": "untitled",
  "version": "0.1.0",
  "lockfileVersion": 1,
  "requires": true,
  "dependencies": {
    "@rails/actioncable": {
      "version": "6.1.5",
      "resolved": "https://registry.npmjs.org/@rails/actioncable/-/actioncable-6.1.5.tgz",
      "integrity": "sha512-bV4/Q7NweGFm7t3GvUFm19UF2WKmcvlOXy7AxMWEZCwDxQLagAXhUpKb1AJ6Rg88cPHqXSQHaGKr84lIMd607A=="
    },
    "@rails/activestorage": {
      "version": "6.1.5",
      "resolved": "https://registry.npmjs.org/@rails/activestorage/-/activestorage-6.1.5.tgz",
      "integrity": "sha512-7L0eWqrguZIyvfPOpVoZRChuIgxbpBdwdVtprT6wrl5rUAbdyHr6AZczl1yS+5d6nBV0TqpVLaB1sGxi2aMbCQ==",
      "requires": {
        "spark-md5": "^3.0.0"
      }
    },
    "@rails/ujs": {
      "version": "6.1.5",
      "resolved": "https://registry.npmjs.org/@rails/ujs/-/ujs-6.1.5.tgz",
      "integrity": "sha512-Ir4yd2fdDldWIghavPr874copVKf6OOoecKHZiFRlPtm38tFvhyxr+ywzNieXGwolF9JQe3D5GrM8ejkzUgh5Q=="
    },
    "spark-md5": {
      "version": "3.0.2",
      "resolved": "https://registry.npmjs.org/spark-md5/-/spark-md5-3.0.2.tgz",
      "integrity": "sha512-wcFzz9cDfbuqe0FZzfi2or1sgyIrsDwmPwfZC4hiNidPdPINjeUwNfv5kldczoEAcjl9Y1L3SM7Uz2PUEQzxQw=="
    },
    "turbolinks": {
      "version": "5.2.0",
      "resolved": "https://registry.npmjs.org/turbolinks/-/turbolinks-5.2.0.tgz",
      "integrity": "sha512-pMiez3tyBo6uRHFNNZoYMmrES/IaGgMhQQM+VFF36keryjb5ms0XkVpmKHkfW/4Vy96qiGW3K9bz0tF5sK9bBw=="
    }
  }
}
